
Microsoft Visual Studio Solution File, Format Version 12.00
# Visual Studio 2015
Project("{FAE04EC0-301F-11D3-BF4B-00C04F79EFBC}") = "MyOwnGame", "MyOwnGame.csproj", "{B9DCEC3E-588A-E40B-26F2-DDD5CD66560C}"
EndProject
Project("{FAE04EC0-301F-11D3-BF4B-00C04F79EFBC}") = "MyOwnGame.Editor", "MyOwnGame.Editor.csproj", "{D4852BCA-7A9F-EB48-8ADB-54A393C1EAFF}"
EndProject
Global
	GlobalSection(SolutionConfigurationPlatforms) = preSolution
		Debug|Any CPU = Debug|Any CPU
		Release|Any CPU = Release|Any CPU
	EndGlobalSection
	GlobalSection(ProjectConfigurationPlatforms) = postSolution
		{B9DCEC3E-588A-E40B-26F2-DDD5CD66560C}.Debug|Any CPU.ActiveCfg = Debug|Any CPU
		{B9DCEC3E-588A-E40B-26F2-DDD5CD66560C}.Debug|Any CPU.Build.0 = Debug|Any CPU
		{B9DCEC3E-588A-E40B-26F2-DDD5CD66560C}.Release|Any CPU.ActiveCfg = Release|Any CPU
		{B9DCEC3E-588A-E40B-26F2-DDD5CD66560C}.Release|Any CPU.Build.0 = Release|Any CPU
		{D4852BCA-7A9F-EB48-8ADB-54A393C1EAFF}.Debug|Any CPU.ActiveCfg = Debug|Any CPU
		{D4852BCA-7A9F-EB48-8ADB-54A393C1EAFF}.Debug|Any CPU.Build.0 = Debug|Any CPU
		{D4852BCA-7A9F-EB48-8ADB-54A393C1EAFF}.Release|Any CPU.ActiveCfg = Release|Any CPU
		{D4852BCA-7A9F-EB48-8ADB-54A393C1EAFF}.Release|Any CPU.Build.0 = Release|Any CPU
	EndGlobalSection
	GlobalSection(SolutionProperties) = preSolution
		HideSolutionNode = FALSE
	EndGlobalSection
EndGlobal
