
Microsoft Visual Studio Solution File, Format Version 11.00
# Visual Studio 2010
Project("{FAE04EC0-301F-11D3-BF4B-00C04F79EFBC}") = "MyOwnGame-master", "Assembly-CSharp.csproj", "{3A35C2BC-59E4-D68B-E15D-ADA02B73CD27}"
EndProject
Project("{FAE04EC0-301F-11D3-BF4B-00C04F79EFBC}") = "MyOwnGame-master", "Assembly-CSharp-Editor.csproj", "{2391255C-51C9-FC98-4EDC-97C62C15875B}"
EndProject
Global
	GlobalSection(SolutionConfigurationPlatforms) = preSolution
		Debug|Any CPU = Debug|Any CPU
		Release|Any CPU = Release|Any CPU
	EndGlobalSection
	GlobalSection(ProjectConfigurationPlatforms) = postSolution
		{3A35C2BC-59E4-D68B-E15D-ADA02B73CD27}.Debug|Any CPU.ActiveCfg = Debug|Any CPU
		{3A35C2BC-59E4-D68B-E15D-ADA02B73CD27}.Debug|Any CPU.Build.0 = Debug|Any CPU
		{3A35C2BC-59E4-D68B-E15D-ADA02B73CD27}.Release|Any CPU.ActiveCfg = Release|Any CPU
		{3A35C2BC-59E4-D68B-E15D-ADA02B73CD27}.Release|Any CPU.Build.0 = Release|Any CPU
		{2391255C-51C9-FC98-4EDC-97C62C15875B}.Debug|Any CPU.ActiveCfg = Debug|Any CPU
		{2391255C-51C9-FC98-4EDC-97C62C15875B}.Debug|Any CPU.Build.0 = Debug|Any CPU
		{2391255C-51C9-FC98-4EDC-97C62C15875B}.Release|Any CPU.ActiveCfg = Release|Any CPU
		{2391255C-51C9-FC98-4EDC-97C62C15875B}.Release|Any CPU.Build.0 = Release|Any CPU
	EndGlobalSection
	GlobalSection(SolutionProperties) = preSolution
		HideSolutionNode = FALSE
	EndGlobalSection
	GlobalSection(MonoDevelopProperties) = preSolution
		StartupItem = Assembly-CSharp.csproj
	EndGlobalSection
EndGlobal
